
Microsoft Visual Studio Solution File, Format Version 12.00
# Visual Studio 2013
VisualStudioVersion = 12.0.21005.1
MinimumVisualStudioVersion = 10.0.40219.1
Project("{F2A71F9B-5D33-465A-A702-920D77279786}") = "P1255 数楼梯", "P1255 数楼梯\P1255 数楼梯.fsproj", "{99E0C7DD-9DEC-40A3-B041-0A0CB2FEB649}"
EndProject
Global
	GlobalSection(SolutionConfigurationPlatforms) = preSolution
		Debug|Any CPU = Debug|Any CPU
		Release|Any CPU = Release|Any CPU
	EndGlobalSection
	GlobalSection(ProjectConfigurationPlatforms) = postSolution
		{99E0C7DD-9DEC-40A3-B041-0A0CB2FEB649}.Debug|Any CPU.ActiveCfg = Debug|Any CPU
		{99E0C7DD-9DEC-40A3-B041-0A0CB2FEB649}.Debug|Any CPU.Build.0 = Debug|Any CPU
		{99E0C7DD-9DEC-40A3-B041-0A0CB2FEB649}.Release|Any CPU.ActiveCfg = Release|Any CPU
		{99E0C7DD-9DEC-40A3-B041-0A0CB2FEB649}.Release|Any CPU.Build.0 = Release|Any CPU
	EndGlobalSection
	GlobalSection(SolutionProperties) = preSolution
		HideSolutionNode = FALSE
	EndGlobalSection
EndGlobal
